
Microsoft Visual Studio Solution File, Format Version 12.00
# Visual Studio Version 16
VisualStudioVersion = 16.0.29709.97
MinimumVisualStudioVersion = 10.0.40219.1
Project("{2150E333-8FDC-42A3-9474-1A3956D46DE8}") = "Presentation", "Presentation", "{F8D631EB-0430-4040-ACB0-20E3737C309F}"
EndProject
Project("{FAE04EC0-301F-11D3-BF4B-00C04F79EFBC}") = "TaskManager.API", "TaskManager.API\TaskManager.API.csproj", "{CFFB1FCF-1B05-4315-BCE7-0946A7304D5B}"
EndProject
Project("{2150E333-8FDC-42A3-9474-1A3956D46DE8}") = "Data", "Data", "{29AC536C-483E-409F-9016-1991E7A46D59}"
EndProject
Project("{2150E333-8FDC-42A3-9474-1A3956D46DE8}") = "Core", "Core", "{9FBA1A05-B7BD-417A-BA15-9A7CF87E477D}"
EndProject
Project("{2150E333-8FDC-42A3-9474-1A3956D46DE8}") = "Business", "Business", "{6D0C7F77-AE85-4F93-A298-3A7290AAA9E5}"
EndProject
Project("{FAE04EC0-301F-11D3-BF4B-00C04F79EFBC}") = "TaskManager.Data", "Data\TaskManager.Data\TaskManager.Data.csproj", "{659A1B6C-E1BD-49FE-BD8E-27689ED2F8D9}"
EndProject
Project("{FAE04EC0-301F-11D3-BF4B-00C04F79EFBC}") = "TaskManager.Data.Provider.Sql", "Data\TaskManager.Data.Provider.Sql\TaskManager.Data.Provider.Sql.csproj", "{437ED6CA-7C63-48D6-BBCE-7002901747BC}"
EndProject
Project("{FAE04EC0-301F-11D3-BF4B-00C04F79EFBC}") = "TaskManager.Core", "Core\TaskManager.Core\TaskManager.Core.csproj", "{B4ED556B-7373-4776-9CA6-B307F68428C7}"
EndProject
Project("{FAE04EC0-301F-11D3-BF4B-00C04F79EFBC}") = "TaskManager.Business", "Business\TaskManager.Business\TaskManager.Business.csproj", "{817FC0EC-3925-406E-938A-3215FB2BFB55}"
EndProject
Global
	GlobalSection(SolutionConfigurationPlatforms) = preSolution
		Debug|Any CPU = Debug|Any CPU
		Release|Any CPU = Release|Any CPU
	EndGlobalSection
	GlobalSection(ProjectConfigurationPlatforms) = postSolution
		{CFFB1FCF-1B05-4315-BCE7-0946A7304D5B}.Debug|Any CPU.ActiveCfg = Debug|Any CPU
		{CFFB1FCF-1B05-4315-BCE7-0946A7304D5B}.Debug|Any CPU.Build.0 = Debug|Any CPU
		{CFFB1FCF-1B05-4315-BCE7-0946A7304D5B}.Release|Any CPU.ActiveCfg = Release|Any CPU
		{CFFB1FCF-1B05-4315-BCE7-0946A7304D5B}.Release|Any CPU.Build.0 = Release|Any CPU
		{659A1B6C-E1BD-49FE-BD8E-27689ED2F8D9}.Debug|Any CPU.ActiveCfg = Debug|Any CPU
		{659A1B6C-E1BD-49FE-BD8E-27689ED2F8D9}.Debug|Any CPU.Build.0 = Debug|Any CPU
		{659A1B6C-E1BD-49FE-BD8E-27689ED2F8D9}.Release|Any CPU.ActiveCfg = Release|Any CPU
		{659A1B6C-E1BD-49FE-BD8E-27689ED2F8D9}.Release|Any CPU.Build.0 = Release|Any CPU
		{437ED6CA-7C63-48D6-BBCE-7002901747BC}.Debug|Any CPU.ActiveCfg = Debug|Any CPU
		{437ED6CA-7C63-48D6-BBCE-7002901747BC}.Debug|Any CPU.Build.0 = Debug|Any CPU
		{437ED6CA-7C63-48D6-BBCE-7002901747BC}.Release|Any CPU.ActiveCfg = Release|Any CPU
		{437ED6CA-7C63-48D6-BBCE-7002901747BC}.Release|Any CPU.Build.0 = Release|Any CPU
		{B4ED556B-7373-4776-9CA6-B307F68428C7}.Debug|Any CPU.ActiveCfg = Debug|Any CPU
		{B4ED556B-7373-4776-9CA6-B307F68428C7}.Debug|Any CPU.Build.0 = Debug|Any CPU
		{B4ED556B-7373-4776-9CA6-B307F68428C7}.Release|Any CPU.ActiveCfg = Release|Any CPU
		{B4ED556B-7373-4776-9CA6-B307F68428C7}.Release|Any CPU.Build.0 = Release|Any CPU
		{817FC0EC-3925-406E-938A-3215FB2BFB55}.Debug|Any CPU.ActiveCfg = Debug|Any CPU
		{817FC0EC-3925-406E-938A-3215FB2BFB55}.Debug|Any CPU.Build.0 = Debug|Any CPU
		{817FC0EC-3925-406E-938A-3215FB2BFB55}.Release|Any CPU.ActiveCfg = Release|Any CPU
		{817FC0EC-3925-406E-938A-3215FB2BFB55}.Release|Any CPU.Build.0 = Release|Any CPU
	EndGlobalSection
	GlobalSection(SolutionProperties) = preSolution
		HideSolutionNode = FALSE
	EndGlobalSection
	GlobalSection(NestedProjects) = preSolution
		{CFFB1FCF-1B05-4315-BCE7-0946A7304D5B} = {F8D631EB-0430-4040-ACB0-20E3737C309F}
		{659A1B6C-E1BD-49FE-BD8E-27689ED2F8D9} = {29AC536C-483E-409F-9016-1991E7A46D59}
		{437ED6CA-7C63-48D6-BBCE-7002901747BC} = {29AC536C-483E-409F-9016-1991E7A46D59}
		{B4ED556B-7373-4776-9CA6-B307F68428C7} = {9FBA1A05-B7BD-417A-BA15-9A7CF87E477D}
		{817FC0EC-3925-406E-938A-3215FB2BFB55} = {6D0C7F77-AE85-4F93-A298-3A7290AAA9E5}
	EndGlobalSection
	GlobalSection(ExtensibilityGlobals) = postSolution
		SolutionGuid = {1C8746DB-2380-4302-80D3-ACA4B87CA703}
	EndGlobalSection
EndGlobal
